// !$*UTF8*$!
{
	archiveVersion = 1;
	classes = {
	};
	objectVersion = 56;
	objects = {

/* Begin PBXBuildFile section */
		FF2C3F712A4E1C3C009D54E3 /* TicTacToeApp.swift in Sources */ = {isa = PBXBuildFile; fileRef = FF2C3F702A4E1C3C009D54E3 /* TicTacToeApp.swift */; };
		FF2C3F732A4E1C3C009D54E3 /* ContentView.swift in Sources */ = {isa = PBXBuildFile; fileRef = FF2C3F722A4E1C3C009D54E3 /* ContentView.swift */; };
		FF2C3F752A4E1C3D009D54E3 /* Assets.xcassets in Resources */ = {isa = PBXBuildFile; fileRef = FF2C3F742A4E1C3D009D54E3 /* Assets.xcassets */; };
		FF2C3F782A4E1C3D009D54E3 /* Preview Assets.xcassets in Resources */ = {isa = PBXBuildFile; fileRef = FF2C3F772A4E1C3D009D54E3 /* Preview Assets.xcassets */; };
		FF2C3F822A4E1C3D009D54E3 /* TicTacToeTests.swift in Sources */ = {isa = PBXBuildFile; fileRef = FF2C3F812A4E1C3D009D54E3 /* TicTacToeTests.swift */; };
		FF2C3F8C2A4E1C3D009D54E3 /* TicTacToeUITests.swift in Sources */ = {isa = PBXBuildFile; fileRef = FF2C3F8B2A4E1C3D009D54E3 /* TicTacToeUITests.swift */; };
		FF2C3F8E2A4E1C3D009D54E3 /* TicTacToeUITestsLaunchTests.swift in Sources */ = {isa = PBXBuildFile; fileRef = FF2C3F8D2A4E1C3D009D54E3 /* TicTacToeUITestsLaunchTests.swift */; };
		FF2C3F9B2A4E1C82009D54E3 /* Cell.swift in Sources */ = {isa = PBXBuildFile; fileRef = FF2C3F9A2A4E1C82009D54E3 /* Cell.swift */; };
		FF2C3F9D2A4E21DA009D54E3 /* GameState.swift in Sources */ = {isa = PBXBuildFile; fileRef = FF2C3F9C2A4E21DA009D54E3 /* GameState.swift */; };
/* End PBXBuildFile section */

/* Begin PBXContainerItemProxy section */
		FF2C3F7E2A4E1C3D009D54E3 /* PBXContainerItemProxy */ = {
			isa = PBXContainerItemProxy;
			containerPortal = FF2C3F652A4E1C3C009D54E3 /* Project object */;
			proxyType = 1;
			remoteGlobalIDString = FF2C3F6C2A4E1C3C009D54E3;
			remoteInfo = TicTacToe;
		};
		FF2C3F882A4E1C3D009D54E3 /* PBXContainerItemProxy */ = {
			isa = PBXContainerItemProxy;
			containerPortal = FF2C3F652A4E1C3C009D54E3 /* Project object */;
			proxyType = 1;
			remoteGlobalIDString = FF2C3F6C2A4E1C3C009D54E3;
			remoteInfo = TicTacToe;
		};
/* End PBXContainerItemProxy section */

/* Begin PBXFileReference section */
		FF2C3F6D2A4E1C3C009D54E3 /* TicTacToe.app */ = {isa = PBXFileReference; explicitFileType = wrapper.application; includeInIndex = 0; path = TicTacToe.app; sourceTree = BUILT_PRODUCTS_DIR; };
		FF2C3F702A4E1C3C009D54E3 /* TicTacToeApp.swift */ = {isa = PBXFileReference; lastKnownFileType = sourcecode.swift; path = TicTacToeApp.swift; sourceTree = "<group>"; };
		FF2C3F722A4E1C3C009D54E3 /* ContentView.swift */ = {isa = PBXFileReference; lastKnownFileType = sourcecode.swift; path = ContentView.swift; sourceTree = "<group>"; };
		FF2C3F742A4E1C3D009D54E3 /* Assets.xcassets */ = {isa = PBXFileReference; lastKnownFileType = folder.assetcatalog; path = Assets.xcassets; sourceTree = "<group>"; };
		FF2C3F772A4E1C3D009D54E3 /* Preview Assets.xcassets */ = {isa = PBXFileReference; lastKnownFileType = folder.assetcatalog; path = "Preview Assets.xcassets"; sourceTree = "<group>"; };
		FF2C3F7D2A4E1C3D009D54E3 /* TicTacToeTests.xctest */ = {isa = PBXFileReference; explicitFileType = wrapper.cfbundle; includeInIndex = 0; path = TicTacToeTests.xctest; sourceTree = BUILT_PRODUCTS_DIR; };
		FF2C3F812A4E1C3D009D54E3 /* TicTacToeTests.swift */ = {isa = PBXFileReference; lastKnownFileType = sourcecode.swift; path = TicTacToeTests.swift; sourceTree = "<group>"; };
		FF2C3F872A4E1C3D009D54E3 /* TicTacToeUITests.xctest */ = {isa = PBXFileReference; explicitFileType = wrapper.cfbundle; includeInIndex = 0; path = TicTacToeUITests.xctest; sourceTree = BUILT_PRODUCTS_DIR; };
		FF2C3F8B2A4E1C3D009D54E3 /* TicTacToeUITests.swift */ = {isa = PBXFileReference; lastKnownFileType = sourcecode.swift; path = TicTacToeUITests.swift; sourceTree = "<group>"; };
		FF2C3F8D2A4E1C3D009D54E3 /* TicTacToeUITestsLaunchTests.swift */ = {isa = PBXFileReference; lastKnownFileType = sourcecode.swift; path = TicTacToeUITestsLaunchTests.swift; sourceTree = "<group>"; };
		FF2C3F9A2A4E1C82009D54E3 /* Cell.swift */ = {isa = PBXFileReference; lastKnownFileType = sourcecode.swift; path = Cell.swift; sourceTree = "<group>"; };
		FF2C3F9C2A4E21DA009D54E3 /* GameState.swift */ = {isa = PBXFileReference; lastKnownFileType = sourcecode.swift; path = GameState.swift; sourceTree = "<group>"; };
/* End PBXFileReference section */

/* Begin PBXFrameworksBuildPhase section */
		FF2C3F6A2A4E1C3C009D54E3 /* Frameworks */ = {
			isa = PBXFrameworksBuildPhase;
			buildActionMask = 2147483647;
			files = (
			);
			runOnlyForDeploymentPostprocessing = 0;
		};
		FF2C3F7A2A4E1C3D009D54E3 /* Frameworks */ = {
			isa = PBXFrameworksBuildPhase;
			buildActionMask = 2147483647;
			files = (
			);
			runOnlyForDeploymentPostprocessing = 0;
		};
		FF2C3F842A4E1C3D009D54E3 /* Frameworks */ = {
			isa = PBXFrameworksBuildPhase;
			buildActionMask = 2147483647;
			files = (
			);
			runOnlyForDeploymentPostprocessing = 0;
		};
/* End PBXFrameworksBuildPhase section */

/* Begin PBXGroup section */
		FF2C3F642A4E1C3C009D54E3 = {
			isa = PBXGroup;
			children = (
				FF2C3F6F2A4E1C3C009D54E3 /* TicTacToe */,
				FF2C3F802A4E1C3D009D54E3 /* TicTacToeTests */,
				FF2C3F8A2A4E1C3D009D54E3 /* TicTacToeUITests */,
				FF2C3F6E2A4E1C3C009D54E3 /* Products */,
			);
			sourceTree = "<group>";
		};
		FF2C3F6E2A4E1C3C009D54E3 /* Products */ = {
			isa = PBXGroup;
			children = (
				FF2C3F6D2A4E1C3C009D54E3 /* TicTacToe.app */,
				FF2C3F7D2A4E1C3D009D54E3 /* TicTacToeTests.xctest */,
				FF2C3F872A4E1C3D009D54E3 /* TicTacToeUITests.xctest */,
			);
			name = Products;
			sourceTree = "<group>";
		};
		FF2C3F6F2A4E1C3C009D54E3 /* TicTacToe */ = {
			isa = PBXGroup;
			children = (
				FF2C3F702A4E1C3C009D54E3 /* TicTacToeApp.swift */,
				FF2C3F722A4E1C3C009D54E3 /* ContentView.swift */,
				FF2C3F9C2A4E21DA009D54E3 /* GameState.swift */,
				FF2C3F9A2A4E1C82009D54E3 /* Cell.swift */,
				FF2C3F742A4E1C3D009D54E3 /* Assets.xcassets */,
				FF2C3F762A4E1C3D009D54E3 /* Preview Content */,
			);
			path = TicTacToe;
			sourceTree = "<group>";
		};
		FF2C3F762A4E1C3D009D54E3 /* Preview Content */ = {
			isa = PBXGroup;
			children = (
				FF2C3F772A4E1C3D009D54E3 /* Preview Assets.xcassets */,
			);
			path = "Preview Content";
			sourceTree = "<group>";
		};
		FF2C3F802A4E1C3D009D54E3 /* TicTacToeTests */ = {
			isa = PBXGroup;
			children = (
				FF2C3F812A4E1C3D009D54E3 /* TicTacToeTests.swift */,
			);
			path = TicTacToeTests;
			sourceTree = "<group>";
		};
		FF2C3F8A2A4E1C3D009D54E3 /* TicTacToeUITests */ = {
			isa = PBXGroup;
			children = (
				FF2C3F8B2A4E1C3D009D54E3 /* TicTacToeUITests.swift */,
				FF2C3F8D2A4E1C3D009D54E3 /* TicTacToeUITestsLaunchTests.swift */,
			);
			path = TicTacToeUITests;
			sourceTree = "<group>";
		};
/* End PBXGroup section */

/* Begin PBXNativeTarget section */
		FF2C3F6C2A4E1C3C009D54E3 /* TicTacToe */ = {
			isa = PBXNativeTarget;
			buildConfigurationList = FF2C3F912A4E1C3D009D54E3 /* Build configuration list for PBXNativeTarget "TicTacToe" */;
			buildPhases = (
				FF2C3F692A4E1C3C009D54E3 /* Sources */,
				FF2C3F6A2A4E1C3C009D54E3 /* Frameworks */,
				FF2C3F6B2A4E1C3C009D54E3 /* Resources */,
			);
			buildRules = (
			);
			dependencies = (
			);
			name = TicTacToe;
			productName = TicTacToe;
			productReference = FF2C3F6D2A4E1C3C009D54E3 /* TicTacToe.app */;
			productType = "com.apple.product-type.application";
		};
		FF2C3F7C2A4E1C3D009D54E3 /* TicTacToeTests */ = {
			isa = PBXNativeTarget;
			buildConfigurationList = FF2C3F942A4E1C3D009D54E3 /* Build configuration list for PBXNativeTarget "TicTacToeTests" */;
			buildPhases = (
				FF2C3F792A4E1C3D009D54E3 /* Sources */,
				FF2C3F7A2A4E1C3D009D54E3 /* Frameworks */,
				FF2C3F7B2A4E1C3D009D54E3 /* Resources */,
			);
			buildRules = (
			);
			dependencies = (
				FF2C3F7F2A4E1C3D009D54E3 /* PBXTargetDependency */,
			);
			name = TicTacToeTests;
			productName = TicTacToeTests;
			productReference = FF2C3F7D2A4E1C3D009D54E3 /* TicTacToeTests.xctest */;
			productType = "com.apple.product-type.bundle.unit-test";
		};
		FF2C3F862A4E1C3D009D54E3 /* TicTacToeUITests */ = {
			isa = PBXNativeTarget;
			buildConfigurationList = FF2C3F972A4E1C3D009D54E3 /* Build configuration list for PBXNativeTarget "TicTacToeUITests" */;
			buildPhases = (
				FF2C3F832A4E1C3D009D54E3 /* Sources */,
				FF2C3F842A4E1C3D009D54E3 /* Frameworks */,
				FF2C3F852A4E1C3D009D54E3 /* Resources */,
			);
			buildRules = (
			);
			dependencies = (
				FF2C3F892A4E1C3D009D54E3 /* PBXTargetDependency */,
			);
			name = TicTacToeUITests;
			productName = TicTacToeUITests;
			productReference = FF2C3F872A4E1C3D009D54E3 /* TicTacToeUITests.xctest */;
			productType = "com.apple.product-type.bundle.ui-testing";
		};
/* End PBXNativeTarget section */

/* Begin PBXProject section */
		FF2C3F652A4E1C3C009D54E3 /* Project object */ = {
			isa = PBXProject;
			attributes = {
				BuildIndependentTargetsInParallel = 1;
				LastSwiftUpdateCheck = 1430;
				LastUpgradeCheck = 1430;
				TargetAttributes = {
					FF2C3F6C2A4E1C3C009D54E3 = {
						CreatedOnToolsVersion = 14.3.1;
					};
					FF2C3F7C2A4E1C3D009D54E3 = {
						CreatedOnToolsVersion = 14.3.1;
						TestTargetID = FF2C3F6C2A4E1C3C009D54E3;
					};
					FF2C3F862A4E1C3D009D54E3 = {
						CreatedOnToolsVersion = 14.3.1;
						TestTargetID = FF2C3F6C2A4E1C3C009D54E3;
					};
				};
			};
			buildConfigurationList = FF2C3F682A4E1C3C009D54E3 /* Build configuration list for PBXProject "TicTacToe" */;
			compatibilityVersion = "Xcode 14.0";
			developmentRegion = en;
			hasScannedForEncodings = 0;
			knownRegions = (
				en,
				Base,
			);
			mainGroup = FF2C3F642A4E1C3C009D54E3;
			productRefGroup = FF2C3F6E2A4E1C3C009D54E3 /* Products */;
			projectDirPath = "";
			projectRoot = "";
			targets = (
				FF2C3F6C2A4E1C3C009D54E3 /* TicTacToe */,
				FF2C3F7C2A4E1C3D009D54E3 /* TicTacToeTests */,
				FF2C3F862A4E1C3D009D54E3 /* TicTacToeUITests */,
			);
		};
/* End PBXProject section */

/* Begin PBXResourcesBuildPhase section */
		FF2C3F6B2A4E1C3C009D54E3 /* Resources */ = {
			isa = PBXResourcesBuildPhase;
			buildActionMask = 2147483647;
			files = (
				FF2C3F782A4E1C3D009D54E3 /* Preview Assets.xcassets in Resources */,
				FF2C3F752A4E1C3D009D54E3 /* Assets.xcassets in Resources */,
			);
			runOnlyForDeploymentPostprocessing = 0;
		};
		FF2C3F7B2A4E1C3D009D54E3 /* Resources */ = {
			isa = PBXResourcesBuildPhase;
			buildActionMask = 2147483647;
			files = (
			);
			runOnlyForDeploymentPostprocessing = 0;
		};
		FF2C3F852A4E1C3D009D54E3 /* Resources */ = {
			isa = PBXResourcesBuildPhase;
			buildActionMask = 2147483647;
			files = (
			);
			runOnlyForDeploymentPostprocessing = 0;
		};
/* End PBXResourcesBuildPhase section */

/* Begin PBXSourcesBuildPhase section */
		FF2C3F692A4E1C3C009D54E3 /* Sources */ = {
			isa = PBXSourcesBuildPhase;
			buildActionMask = 2147483647;
			files = (
				FF2C3F732A4E1C3C009D54E3 /* ContentView.swift in Sources */,
				FF2C3F9D2A4E21DA009D54E3 /* GameState.swift in Sources */,
				FF2C3F712A4E1C3C009D54E3 /* TicTacToeApp.swift in Sources */,
				FF2C3F9B2A4E1C82009D54E3 /* Cell.swift in Sources */,
			);
			runOnlyForDeploymentPostprocessing = 0;
		};
		FF2C3F792A4E1C3D009D54E3 /* Sources */ = {
			isa = PBXSourcesBuildPhase;
			buildActionMask = 2147483647;
			files = (
				FF2C3F822A4E1C3D009D54E3 /* TicTacToeTests.swift in Sources */,
			);
			runOnlyForDeploymentPostprocessing = 0;
		};
		FF2C3F832A4E1C3D009D54E3 /* Sources */ = {
			isa = PBXSourcesBuildPhase;
			buildActionMask = 2147483647;
			files = (
				FF2C3F8C2A4E1C3D009D54E3 /* TicTacToeUITests.swift in Sources */,
				FF2C3F8E2A4E1C3D009D54E3 /* TicTacToeUITestsLaunchTests.swift in Sources */,
			);
			runOnlyForDeploymentPostprocessing = 0;
		};
/* End PBXSourcesBuildPhase section */

/* Begin PBXTargetDependency section */
		FF2C3F7F2A4E1C3D009D54E3 /* PBXTargetDependency */ = {
			isa = PBXTargetDependency;
			target = FF2C3F6C2A4E1C3C009D54E3 /* TicTacToe */;
			targetProxy = FF2C3F7E2A4E1C3D009D54E3 /* PBXContainerItemProxy */;
		};
		FF2C3F892A4E1C3D009D54E3 /* PBXTargetDependency */ = {
			isa = PBXTargetDependency;
			target = FF2C3F6C2A4E1C3C009D54E3 /* TicTacToe */;
			targetProxy = FF2C3F882A4E1C3D009D54E3 /* PBXContainerItemProxy */;
		};
/* End PBXTargetDependency section */

/* Begin XCBuildConfiguration section */
		FF2C3F8F2A4E1C3D009D54E3 /* Debug */ = {
			isa = XCBuildConfiguration;
			buildSettings = {
				ALWAYS_SEARCH_USER_PATHS = NO;
				CLANG_ANALYZER_NONNULL = YES;
				CLANG_ANALYZER_NUMBER_OBJECT_CONVERSION = YES_AGGRESSIVE;
				CLANG_CXX_LANGUAGE_STANDARD = "gnu++20";
				CLANG_ENABLE_MODULES = YES;
				CLANG_ENABLE_OBJC_ARC = YES;
				CLANG_ENABLE_OBJC_WEAK = YES;
				CLANG_WARN_BLOCK_CAPTURE_AUTORELEASING = YES;
				CLANG_WARN_BOOL_CONVERSION = YES;
				CLANG_WARN_COMMA = YES;
				CLANG_WARN_CONSTANT_CONVERSION = YES;
				CLANG_WARN_DEPRECATED_OBJC_IMPLEMENTATIONS = YES;
				CLANG_WARN_DIRECT_OBJC_ISA_USAGE = YES_ERROR;
				CLANG_WARN_DOCUMENTATION_COMMENTS = YES;
				CLANG_WARN_EMPTY_BODY = YES;
				CLANG_WARN_ENUM_CONVERSION = YES;
				CLANG_WARN_INFINITE_RECURSION = YES;
				CLANG_WARN_INT_CONVERSION = YES;
				CLANG_WARN_NON_LITERAL_NULL_CONVERSION = YES;
				CLANG_WARN_OBJC_IMPLICIT_RETAIN_SELF = YES;
				CLANG_WARN_OBJC_LITERAL_CONVERSION = YES;
				CLANG_WARN_OBJC_ROOT_CLASS = YES_ERROR;
				CLANG_WARN_QUOTED_INCLUDE_IN_FRAMEWORK_HEADER = YES;
				CLANG_WARN_RANGE_LOOP_ANALYSIS = YES;
				CLANG_WARN_STRICT_PROTOTYPES = YES;
				CLANG_WARN_SUSPICIOUS_MOVE = YES;
				CLANG_WARN_UNGUARDED_AVAILABILITY = YES_AGGRESSIVE;
				CLANG_WARN_UNREACHABLE_CODE = YES;
				CLANG_WARN__DUPLICATE_METHOD_MATCH = YES;
				COPY_PHASE_STRIP = NO;
				DEBUG_INFORMATION_FORMAT = dwarf;
				ENABLE_STRICT_OBJC_MSGSEND = YES;
				ENABLE_TESTABILITY = YES;
				GCC_C_LANGUAGE_STANDARD = gnu11;
				GCC_DYNAMIC_NO_PIC = NO;
				GCC_NO_COMMON_BLOCKS = YES;
				GCC_OPTIMIZATION_LEVEL = 0;
				GCC_PREPROCESSOR_DEFINITIONS = (
					"DEBUG=1",
					"$(inherited)",
				);
				GCC_WARN_64_TO_32_BIT_CONVERSION = YES;
				GCC_WARN_ABOUT_RETURN_TYPE = YES_ERROR;
				GCC_WARN_UNDECLARED_SELECTOR = YES;
				GCC_WARN_UNINITIALIZED_AUTOS = YES_AGGRESSIVE;
				GCC_WARN_UNUSED_FUNCTION = YES;
				GCC_WARN_UNUSED_VARIABLE = YES;
				IPHONEOS_DEPLOYMENT_TARGET = 16.4;
				MTL_ENABLE_DEBUG_INFO = INCLUDE_SOURCE;
				MTL_FAST_MATH = YES;
				ONLY_ACTIVE_ARCH = YES;
				SDKROOT = iphoneos;
				SWIFT_ACTIVE_COMPILATION_CONDITIONS = DEBUG;
				SWIFT_OPTIMIZATION_LEVEL = "-Onone";
			};
			name = Debug;
		};
		FF2C3F902A4E1C3D009D54E3 /* Release */ = {
			isa = XCBuildConfiguration;
			buildSettings = {
				ALWAYS_SEARCH_USER_PATHS = NO;
				CLANG_ANALYZER_NONNULL = YES;
				CLANG_ANALYZER_NUMBER_OBJECT_CONVERSION = YES_AGGRESSIVE;
				CLANG_CXX_LANGUAGE_STANDARD = "gnu++20";
				CLANG_ENABLE_MODULES = YES;
				CLANG_ENABLE_OBJC_ARC = YES;
				CLANG_ENABLE_OBJC_WEAK = YES;
				CLANG_WARN_BLOCK_CAPTURE_AUTORELEASING = YES;
				CLANG_WARN_BOOL_CONVERSION = YES;
				CLANG_WARN_COMMA = YES;
				CLANG_WARN_CONSTANT_CONVERSION = YES;
				CLANG_WARN_DEPRECATED_OBJC_IMPLEMENTATIONS = YES;
				CLANG_WARN_DIRECT_OBJC_ISA_USAGE = YES_ERROR;
				CLANG_WARN_DOCUMENTATION_COMMENTS = YES;
				CLANG_WARN_EMPTY_BODY = YES;
				CLANG_WARN_ENUM_CONVERSION = YES;
				CLANG_WARN_INFINITE_RECURSION = YES;
				CLANG_WARN_INT_CONVERSION = YES;
				CLANG_WARN_NON_LITERAL_NULL_CONVERSION = YES;
				CLANG_WARN_OBJC_IMPLICIT_RETAIN_SELF = YES;
				CLANG_WARN_OBJC_LITERAL_CONVERSION = YES;
				CLANG_WARN_OBJC_ROOT_CLASS = YES_ERROR;
				CLANG_WARN_QUOTED_INCLUDE_IN_FRAMEWORK_HEADER = YES;
				CLANG_WARN_RANGE_LOOP_ANALYSIS = YES;
				CLANG_WARN_STRICT_PROTOTYPES = YES;
				CLANG_WARN_SUSPICIOUS_MOVE = YES;
				CLANG_WARN_UNGUARDED_AVAILABILITY = YES_AGGRESSIVE;
				CLANG_WARN_UNREACHABLE_CODE = YES;
				CLANG_WARN__DUPLICATE_METHOD_MATCH = YES;
				COPY_PHASE_STRIP = NO;
				DEBUG_INFORMATION_FORMAT = "dwarf-with-dsym";
				ENABLE_NS_ASSERTIONS = NO;
				ENABLE_STRICT_OBJC_MSGSEND = YES;
				GCC_C_LANGUAGE_STANDARD = gnu11;
				GCC_NO_COMMON_BLOCKS = YES;
				GCC_WARN_64_TO_32_BIT_CONVERSION = YES;
				GCC_WARN_ABOUT_RETURN_TYPE = YES_ERROR;
				GCC_WARN_UNDECLARED_SELECTOR = YES;
				GCC_WARN_UNINITIALIZED_AUTOS = YES_AGGRESSIVE;
				GCC_WARN_UNUSED_FUNCTION = YES;
				GCC_WARN_UNUSED_VARIABLE = YES;
				IPHONEOS_DEPLOYMENT_TARGET = 16.4;
				MTL_ENABLE_DEBUG_INFO = NO;
				MTL_FAST_MATH = YES;
				SDKROOT = iphoneos;
				SWIFT_COMPILATION_MODE = wholemodule;
				SWIFT_OPTIMIZATION_LEVEL = "-O";
				VALIDATE_PRODUCT = YES;
			};
			name = Release;
		};
		FF2C3F922A4E1C3D009D54E3 /* Debug */ = {
			isa = XCBuildConfiguration;
			buildSettings = {
				ASSETCATALOG_COMPILER_APPICON_NAME = AppIcon;
				ASSETCATALOG_COMPILER_GLOBAL_ACCENT_COLOR_NAME = AccentColor;
				CODE_SIGN_STYLE = Automatic;
				CURRENT_PROJECT_VERSION = 1;
				DEVELOPMENT_ASSET_PATHS = "\"TicTacToe/Preview Content\"";
				DEVELOPMENT_TEAM = Q83P24DQN2;
				ENABLE_PREVIEWS = YES;
				GENERATE_INFOPLIST_FILE = YES;
				INFOPLIST_KEY_UIApplicationSceneManifest_Generation = YES;
				INFOPLIST_KEY_UIApplicationSupportsIndirectInputEvents = YES;
				INFOPLIST_KEY_UILaunchScreen_Generation = YES;
				INFOPLIST_KEY_UISupportedInterfaceOrientations_iPad = "UIInterfaceOrientationPortrait UIInterfaceOrientationPortraitUpsideDown UIInterfaceOrientationLandscapeLeft UIInterfaceOrientationLandscapeRight";
				INFOPLIST_KEY_UISupportedInterfaceOrientations_iPhone = "UIInterfaceOrientationPortrait UIInterfaceOrientationLandscapeLeft UIInterfaceOrientationLandscapeRight";
				LD_RUNPATH_SEARCH_PATHS = (
					"$(inherited)",
					"@executable_path/Frameworks",
				);
				MARKETING_VERSION = 1.0;
				PRODUCT_BUNDLE_IDENTIFIER = mel.TicTacToe;
				PRODUCT_NAME = "$(TARGET_NAME)";
				SWIFT_EMIT_LOC_STRINGS = YES;
				SWIFT_VERSION = 5.0;
				TARGETED_DEVICE_FAMILY = "1,2";
			};
			name = Debug;
		};
		FF2C3F932A4E1C3D009D54E3 /* Release */ = {
			isa = XCBuildConfiguration;
			buildSettings = {
				ASSETCATALOG_COMPILER_APPICON_NAME = AppIcon;
				ASSETCATALOG_COMPILER_GLOBAL_ACCENT_COLOR_NAME = AccentColor;
				CODE_SIGN_STYLE = Automatic;
				CURRENT_PROJECT_VERSION = 1;
				DEVELOPMENT_ASSET_PATHS = "\"TicTacToe/Preview Content\"";
				DEVELOPMENT_TEAM = Q83P24DQN2;
				ENABLE_PREVIEWS = YES;
				GENERATE_INFOPLIST_FILE = YES;
				INFOPLIST_KEY_UIApplicationSceneManifest_Generation = YES;
				INFOPLIST_KEY_UIApplicationSupportsIndirectInputEvents = YES;
				INFOPLIST_KEY_UILaunchScreen_Generation = YES;
				INFOPLIST_KEY_UISupportedInterfaceOrientations_iPad = "UIInterfaceOrientationPortrait UIInterfaceOrientationPortraitUpsideDown UIInterfaceOrientationLandscapeLeft UIInterfaceOrientationLandscapeRight";
				INFOPLIST_KEY_UISupportedInterfaceOrientations_iPhone = "UIInterfaceOrientationPortrait UIInterfaceOrientationLandscapeLeft UIInterfaceOrientationLandscapeRight";
				LD_RUNPATH_SEARCH_PATHS = (
					"$(inherited)",
					"@executable_path/Frameworks",
				);
				MARKETING_VERSION = 1.0;
				PRODUCT_BUNDLE_IDENTIFIER = mel.TicTacToe;
				PRODUCT_NAME = "$(TARGET_NAME)";
				SWIFT_EMIT_LOC_STRINGS = YES;
				SWIFT_VERSION = 5.0;
				TARGETED_DEVICE_FAMILY = "1,2";
			};
			name = Release;
		};
		FF2C3F952A4E1C3D009D54E3 /* Debug */ = {
			isa = XCBuildConfiguration;
			buildSettings = {
				ALWAYS_EMBED_SWIFT_STANDARD_LIBRARIES = YES;
				BUNDLE_LOADER = "$(TEST_HOST)";
				CODE_SIGN_STYLE = Automatic;
				CURRENT_PROJECT_VERSION = 1;
				DEVELOPMENT_TEAM = Q83P24DQN2;
				GENERATE_INFOPLIST_FILE = YES;
				IPHONEOS_DEPLOYMENT_TARGET = 16.4;
				MARKETING_VERSION = 1.0;
				PRODUCT_BUNDLE_IDENTIFIER = mel.TicTacToeTests;
				PRODUCT_NAME = "$(TARGET_NAME)";
				SWIFT_EMIT_LOC_STRINGS = NO;
				SWIFT_VERSION = 5.0;
				TARGETED_DEVICE_FAMILY = "1,2";
				TEST_HOST = "$(BUILT_PRODUCTS_DIR)/TicTacToe.app/$(BUNDLE_EXECUTABLE_FOLDER_PATH)/TicTacToe";
			};
			name = Debug;
		};
		FF2C3F962A4E1C3D009D54E3 /* Release */ = {
			isa = XCBuildConfiguration;
			buildSettings = {
				ALWAYS_EMBED_SWIFT_STANDARD_LIBRARIES = YES;
				BUNDLE_LOADER = "$(TEST_HOST)";
				CODE_SIGN_STYLE = Automatic;
				CURRENT_PROJECT_VERSION = 1;
				DEVELOPMENT_TEAM = Q83P24DQN2;
				GENERATE_INFOPLIST_FILE = YES;
				IPHONEOS_DEPLOYMENT_TARGET = 16.4;
				MARKETING_VERSION = 1.0;
				PRODUCT_BUNDLE_IDENTIFIER = mel.TicTacToeTests;
				PRODUCT_NAME = "$(TARGET_NAME)";
				SWIFT_EMIT_LOC_STRINGS = NO;
				SWIFT_VERSION = 5.0;
				TARGETED_DEVICE_FAMILY = "1,2";
				TEST_HOST = "$(BUILT_PRODUCTS_DIR)/TicTacToe.app/$(BUNDLE_EXECUTABLE_FOLDER_PATH)/TicTacToe";
			};
			name = Release;
		};
		FF2C3F982A4E1C3D009D54E3 /* Debug */ = {
			isa = XCBuildConfiguration;
			buildSettings = {
				ALWAYS_EMBED_SWIFT_STANDARD_LIBRARIES = YES;
				CODE_SIGN_STYLE = Automatic;
				CURRENT_PROJECT_VERSION = 1;
				DEVELOPMENT_TEAM = Q83P24DQN2;
				GENERATE_INFOPLIST_FILE = YES;
				MARKETING_VERSION = 1.0;
				PRODUCT_BUNDLE_IDENTIFIER = mel.TicTacToeUITests;
				PRODUCT_NAME = "$(TARGET_NAME)";
				SWIFT_EMIT_LOC_STRINGS = NO;
				SWIFT_VERSION = 5.0;
				TARGETED_DEVICE_FAMILY = "1,2";
				TEST_TARGET_NAME = TicTacToe;
			};
			name = Debug;
		};
		FF2C3F992A4E1C3D009D54E3 /* Release */ = {
			isa = XCBuildConfiguration;
			buildSettings = {
				ALWAYS_EMBED_SWIFT_STANDARD_LIBRARIES = YES;
				CODE_SIGN_STYLE = Automatic;
				CURRENT_PROJECT_VERSION = 1;
				DEVELOPMENT_TEAM = Q83P24DQN2;
				GENERATE_INFOPLIST_FILE = YES;
				MARKETING_VERSION = 1.0;
				PRODUCT_BUNDLE_IDENTIFIER = mel.TicTacToeUITests;
				PRODUCT_NAME = "$(TARGET_NAME)";
				SWIFT_EMIT_LOC_STRINGS = NO;
				SWIFT_VERSION = 5.0;
				TARGETED_DEVICE_FAMILY = "1,2";
				TEST_TARGET_NAME = TicTacToe;
			};
			name = Release;
		};
/* End XCBuildConfiguration section */

/* Begin XCConfigurationList section */
		FF2C3F682A4E1C3C009D54E3 /* Build configuration list for PBXProject "TicTacToe" */ = {
			isa = XCConfigurationList;
			buildConfigurations = (
				FF2C3F8F2A4E1C3D009D54E3 /* Debug */,
				FF2C3F902A4E1C3D009D54E3 /* Release */,
			);
			defaultConfigurationIsVisible = 0;
			defaultConfigurationName = Release;
		};
		FF2C3F912A4E1C3D009D54E3 /* Build configuration list for PBXNativeTarget "TicTacToe" */ = {
			isa = XCConfigurationList;
			buildConfigurations = (
				FF2C3F922A4E1C3D009D54E3 /* Debug */,
				FF2C3F932A4E1C3D009D54E3 /* Release */,
			);
			defaultConfigurationIsVisible = 0;
			defaultConfigurationName = Release;
		};
		FF2C3F942A4E1C3D009D54E3 /* Build configuration list for PBXNativeTarget "TicTacToeTests" */ = {
			isa = XCConfigurationList;
			buildConfigurations = (
				FF2C3F952A4E1C3D009D54E3 /* Debug */,
				FF2C3F962A4E1C3D009D54E3 /* Release */,
			);
			defaultConfigurationIsVisible = 0;
			defaultConfigurationName = Release;
		};
		FF2C3F972A4E1C3D009D54E3 /* Build configuration list for PBXNativeTarget "TicTacToeUITests" */ = {
			isa = XCConfigurationList;
			buildConfigurations = (
				FF2C3F982A4E1C3D009D54E3 /* Debug */,
				FF2C3F992A4E1C3D009D54E3 /* Release */,
			);
			defaultConfigurationIsVisible = 0;
			defaultConfigurationName = Release;
		};
/* End XCConfigurationList section */
	};
	rootObject = FF2C3F652A4E1C3C009D54E3 /* Project object */;
}
